{
  "originHash" : "cc2e5471de78253e5cce9f2dac190e28999a31f9ab6055d8e61e7bba0c51e0e0",
  "pins" : [
    {
      "identity" : "ncw-ios-sdk",
      "kind" : "remoteSourceControl",
      "location" : "https://github.com/fireblocks/ncw-ios-sdk",
      "state" : {
        "revision" : "49904f08b75de3e845cc37c9bc0f46cd56c99dae",
        "version" : "2.5.1"
      }
    }
  ],
  "version" : 3
}
